
Microsoft Visual Studio Solution File, Format Version 12.00
# Visual Studio Version 17
VisualStudioVersion = 17.13.35828.75 d17.13
MinimumVisualStudioVersion = 10.0.40219.1
Project("{FAE04EC0-301F-11D3-BF4B-00C04F79EFBC}") = "SGP-API", "SGP-API.csproj", "{9F03A084-7BE0-4909-8441-DDDE1D182C81}"
EndProject
Project("{FAE04EC0-301F-11D3-BF4B-00C04F79EFBC}") = "Datos", "..\Datos\Datos.csproj", "{44AB4C46-B771-4C56-BB0D-C8EBBDBDB44F}"
EndProject
Project("{FAE04EC0-301F-11D3-BF4B-00C04F79EFBC}") = "Modelos", "..\Modelos\Modelos.csproj", "{2C34684F-1E33-462B-96AE-D2266ACC7D54}"
EndProject
Project("{FAE04EC0-301F-11D3-BF4B-00C04F79EFBC}") = "Dependencias", "..\Dependencias\Dependencias.csproj", "{6F8E3E7A-BD65-4EC8-B9EB-E410A38178CA}"
EndProject
Project("{FAE04EC0-301F-11D3-BF4B-00C04F79EFBC}") = "Negocio", "..\Negocio\Negocio.csproj", "{866650CB-15CF-4B92-BB6C-D29DC290FD9A}"
EndProject
Global
	GlobalSection(SolutionConfigurationPlatforms) = preSolution
		Debug|Any CPU = Debug|Any CPU
		Release|Any CPU = Release|Any CPU
	EndGlobalSection
	GlobalSection(ProjectConfigurationPlatforms) = postSolution
		{9F03A084-7BE0-4909-8441-DDDE1D182C81}.Debug|Any CPU.ActiveCfg = Debug|Any CPU
		{9F03A084-7BE0-4909-8441-DDDE1D182C81}.Debug|Any CPU.Build.0 = Debug|Any CPU
		{9F03A084-7BE0-4909-8441-DDDE1D182C81}.Release|Any CPU.ActiveCfg = Release|Any CPU
		{9F03A084-7BE0-4909-8441-DDDE1D182C81}.Release|Any CPU.Build.0 = Release|Any CPU
		{44AB4C46-B771-4C56-BB0D-C8EBBDBDB44F}.Debug|Any CPU.ActiveCfg = Debug|Any CPU
		{44AB4C46-B771-4C56-BB0D-C8EBBDBDB44F}.Debug|Any CPU.Build.0 = Debug|Any CPU
		{44AB4C46-B771-4C56-BB0D-C8EBBDBDB44F}.Release|Any CPU.ActiveCfg = Release|Any CPU
		{44AB4C46-B771-4C56-BB0D-C8EBBDBDB44F}.Release|Any CPU.Build.0 = Release|Any CPU
		{2C34684F-1E33-462B-96AE-D2266ACC7D54}.Debug|Any CPU.ActiveCfg = Debug|Any CPU
		{2C34684F-1E33-462B-96AE-D2266ACC7D54}.Debug|Any CPU.Build.0 = Debug|Any CPU
		{2C34684F-1E33-462B-96AE-D2266ACC7D54}.Release|Any CPU.ActiveCfg = Release|Any CPU
		{2C34684F-1E33-462B-96AE-D2266ACC7D54}.Release|Any CPU.Build.0 = Release|Any CPU
		{6F8E3E7A-BD65-4EC8-B9EB-E410A38178CA}.Debug|Any CPU.ActiveCfg = Debug|Any CPU
		{6F8E3E7A-BD65-4EC8-B9EB-E410A38178CA}.Debug|Any CPU.Build.0 = Debug|Any CPU
		{6F8E3E7A-BD65-4EC8-B9EB-E410A38178CA}.Release|Any CPU.ActiveCfg = Release|Any CPU
		{6F8E3E7A-BD65-4EC8-B9EB-E410A38178CA}.Release|Any CPU.Build.0 = Release|Any CPU
		{866650CB-15CF-4B92-BB6C-D29DC290FD9A}.Debug|Any CPU.ActiveCfg = Debug|Any CPU
		{866650CB-15CF-4B92-BB6C-D29DC290FD9A}.Debug|Any CPU.Build.0 = Debug|Any CPU
		{866650CB-15CF-4B92-BB6C-D29DC290FD9A}.Release|Any CPU.ActiveCfg = Release|Any CPU
		{866650CB-15CF-4B92-BB6C-D29DC290FD9A}.Release|Any CPU.Build.0 = Release|Any CPU
	EndGlobalSection
	GlobalSection(SolutionProperties) = preSolution
		HideSolutionNode = FALSE
	EndGlobalSection
	GlobalSection(ExtensibilityGlobals) = postSolution
		SolutionGuid = {DBAA4779-B64D-4E9A-81D4-54643C550C07}
	EndGlobalSection
EndGlobal
